// !$*UTF8*$!
{
	archiveVersion = 1;
	classes = {
	};
	objectVersion = 56;
	objects = {

/* Begin PBXBuildFile section */
		9080A2272ADEA44E009BA894 /* AppDelegate.swift in Sources */ = {isa = PBXBuildFile; fileRef = 9080A2262ADEA44E009BA894 /* AppDelegate.swift */; };
		9080A2292ADEA44E009BA894 /* GameScene.sks in Resources */ = {isa = PBXBuildFile; fileRef = 9080A2282ADEA44E009BA894 /* GameScene.sks */; };
		9080A22B2ADEA44E009BA894 /* Actions.sks in Resources */ = {isa = PBXBuildFile; fileRef = 9080A22A2ADEA44E009BA894 /* Actions.sks */; };
		9080A22D2ADEA44E009BA894 /* GameScene.swift in Sources */ = {isa = PBXBuildFile; fileRef = 9080A22C2ADEA44E009BA894 /* GameScene.swift */; };
		9080A22F2ADEA44E009BA894 /* ViewController.swift in Sources */ = {isa = PBXBuildFile; fileRef = 9080A22E2ADEA44E009BA894 /* ViewController.swift */; };
		9080A2312ADEA44F009BA894 /* Assets.xcassets in Resources */ = {isa = PBXBuildFile; fileRef = 9080A2302ADEA44F009BA894 /* Assets.xcassets */; };
		9080A2342ADEA44F009BA894 /* Main.storyboard in Resources */ = {isa = PBXBuildFile; fileRef = 9080A2322ADEA44F009BA894 /* Main.storyboard */; };
		9080A23F2ADEA44F009BA894 /* PongTests.swift in Sources */ = {isa = PBXBuildFile; fileRef = 9080A23E2ADEA44F009BA894 /* PongTests.swift */; };
		9080A2492ADEA44F009BA894 /* PongUITests.swift in Sources */ = {isa = PBXBuildFile; fileRef = 9080A2482ADEA44F009BA894 /* PongUITests.swift */; };
		9080A24B2ADEA44F009BA894 /* PongUITestsLaunchTests.swift in Sources */ = {isa = PBXBuildFile; fileRef = 9080A24A2ADEA44F009BA894 /* PongUITestsLaunchTests.swift */; };
		90DC37072B192C96000940A1 /* Spark.sks in Resources */ = {isa = PBXBuildFile; fileRef = 90DC37062B192C96000940A1 /* Spark.sks */; };
/* End PBXBuildFile section */

/* Begin PBXContainerItemProxy section */
		9080A23B2ADEA44F009BA894 /* PBXContainerItemProxy */ = {
			isa = PBXContainerItemProxy;
			containerPortal = 9080A21B2ADEA44E009BA894 /* Project object */;
			proxyType = 1;
			remoteGlobalIDString = 9080A2222ADEA44E009BA894;
			remoteInfo = Pong;
		};
		9080A2452ADEA44F009BA894 /* PBXContainerItemProxy */ = {
			isa = PBXContainerItemProxy;
			containerPortal = 9080A21B2ADEA44E009BA894 /* Project object */;
			proxyType = 1;
			remoteGlobalIDString = 9080A2222ADEA44E009BA894;
			remoteInfo = Pong;
		};
/* End PBXContainerItemProxy section */

/* Begin PBXFileReference section */
		9080A2232ADEA44E009BA894 /* Pong.app */ = {isa = PBXFileReference; explicitFileType = wrapper.application; includeInIndex = 0; path = Pong.app; sourceTree = BUILT_PRODUCTS_DIR; };
		9080A2262ADEA44E009BA894 /* AppDelegate.swift */ = {isa = PBXFileReference; lastKnownFileType = sourcecode.swift; path = AppDelegate.swift; sourceTree = "<group>"; };
		9080A2282ADEA44E009BA894 /* GameScene.sks */ = {isa = PBXFileReference; lastKnownFileType = file.sks; path = GameScene.sks; sourceTree = "<group>"; };
		9080A22A2ADEA44E009BA894 /* Actions.sks */ = {isa = PBXFileReference; lastKnownFileType = file.sks; path = Actions.sks; sourceTree = "<group>"; };
		9080A22C2ADEA44E009BA894 /* GameScene.swift */ = {isa = PBXFileReference; lastKnownFileType = sourcecode.swift; path = GameScene.swift; sourceTree = "<group>"; };
		9080A22E2ADEA44E009BA894 /* ViewController.swift */ = {isa = PBXFileReference; lastKnownFileType = sourcecode.swift; path = ViewController.swift; sourceTree = "<group>"; };
		9080A2302ADEA44F009BA894 /* Assets.xcassets */ = {isa = PBXFileReference; lastKnownFileType = folder.assetcatalog; path = Assets.xcassets; sourceTree = "<group>"; };
		9080A2332ADEA44F009BA894 /* Base */ = {isa = PBXFileReference; lastKnownFileType = file.storyboard; name = Base; path = Base.lproj/Main.storyboard; sourceTree = "<group>"; };
		9080A2352ADEA44F009BA894 /* Pong.entitlements */ = {isa = PBXFileReference; lastKnownFileType = text.plist.entitlements; path = Pong.entitlements; sourceTree = "<group>"; };
		9080A23A2ADEA44F009BA894 /* PongTests.xctest */ = {isa = PBXFileReference; explicitFileType = wrapper.cfbundle; includeInIndex = 0; path = PongTests.xctest; sourceTree = BUILT_PRODUCTS_DIR; };
		9080A23E2ADEA44F009BA894 /* PongTests.swift */ = {isa = PBXFileReference; lastKnownFileType = sourcecode.swift; path = PongTests.swift; sourceTree = "<group>"; };
		9080A2442ADEA44F009BA894 /* PongUITests.xctest */ = {isa = PBXFileReference; explicitFileType = wrapper.cfbundle; includeInIndex = 0; path = PongUITests.xctest; sourceTree = BUILT_PRODUCTS_DIR; };
		9080A2482ADEA44F009BA894 /* PongUITests.swift */ = {isa = PBXFileReference; lastKnownFileType = sourcecode.swift; path = PongUITests.swift; sourceTree = "<group>"; };
		9080A24A2ADEA44F009BA894 /* PongUITestsLaunchTests.swift */ = {isa = PBXFileReference; lastKnownFileType = sourcecode.swift; path = PongUITestsLaunchTests.swift; sourceTree = "<group>"; };
		90DC37062B192C96000940A1 /* Spark.sks */ = {isa = PBXFileReference; lastKnownFileType = file.sks; path = Spark.sks; sourceTree = "<group>"; };
/* End PBXFileReference section */

/* Begin PBXFrameworksBuildPhase section */
		9080A2202ADEA44E009BA894 /* Frameworks */ = {
			isa = PBXFrameworksBuildPhase;
			buildActionMask = 2147483647;
			files = (
			);
			runOnlyForDeploymentPostprocessing = 0;
		};
		9080A2372ADEA44F009BA894 /* Frameworks */ = {
			isa = PBXFrameworksBuildPhase;
			buildActionMask = 2147483647;
			files = (
			);
			runOnlyForDeploymentPostprocessing = 0;
		};
		9080A2412ADEA44F009BA894 /* Frameworks */ = {
			isa = PBXFrameworksBuildPhase;
			buildActionMask = 2147483647;
			files = (
			);
			runOnlyForDeploymentPostprocessing = 0;
		};
/* End PBXFrameworksBuildPhase section */

/* Begin PBXGroup section */
		9080A21A2ADEA44E009BA894 = {
			isa = PBXGroup;
			children = (
				9080A2252ADEA44E009BA894 /* Pong */,
				9080A23D2ADEA44F009BA894 /* PongTests */,
				9080A2472ADEA44F009BA894 /* PongUITests */,
				9080A2242ADEA44E009BA894 /* Products */,
			);
			sourceTree = "<group>";
		};
		9080A2242ADEA44E009BA894 /* Products */ = {
			isa = PBXGroup;
			children = (
				9080A2232ADEA44E009BA894 /* Pong.app */,
				9080A23A2ADEA44F009BA894 /* PongTests.xctest */,
				9080A2442ADEA44F009BA894 /* PongUITests.xctest */,
			);
			name = Products;
			sourceTree = "<group>";
		};
		9080A2252ADEA44E009BA894 /* Pong */ = {
			isa = PBXGroup;
			children = (
				9080A2262ADEA44E009BA894 /* AppDelegate.swift */,
				90DC37062B192C96000940A1 /* Spark.sks */,
				9080A2282ADEA44E009BA894 /* GameScene.sks */,
				9080A22A2ADEA44E009BA894 /* Actions.sks */,
				9080A22C2ADEA44E009BA894 /* GameScene.swift */,
				9080A22E2ADEA44E009BA894 /* ViewController.swift */,
				9080A2302ADEA44F009BA894 /* Assets.xcassets */,
				9080A2322ADEA44F009BA894 /* Main.storyboard */,
				9080A2352ADEA44F009BA894 /* Pong.entitlements */,
			);
			path = Pong;
			sourceTree = "<group>";
		};
		9080A23D2ADEA44F009BA894 /* PongTests */ = {
			isa = PBXGroup;
			children = (
				9080A23E2ADEA44F009BA894 /* PongTests.swift */,
			);
			path = PongTests;
			sourceTree = "<group>";
		};
		9080A2472ADEA44F009BA894 /* PongUITests */ = {
			isa = PBXGroup;
			children = (
				9080A2482ADEA44F009BA894 /* PongUITests.swift */,
				9080A24A2ADEA44F009BA894 /* PongUITestsLaunchTests.swift */,
			);
			path = PongUITests;
			sourceTree = "<group>";
		};
/* End PBXGroup section */

/* Begin PBXNativeTarget section */
		9080A2222ADEA44E009BA894 /* Pong */ = {
			isa = PBXNativeTarget;
			buildConfigurationList = 9080A24E2ADEA44F009BA894 /* Build configuration list for PBXNativeTarget "Pong" */;
			buildPhases = (
				9080A21F2ADEA44E009BA894 /* Sources */,
				9080A2202ADEA44E009BA894 /* Frameworks */,
				9080A2212ADEA44E009BA894 /* Resources */,
			);
			buildRules = (
			);
			dependencies = (
			);
			name = Pong;
			productName = Pong;
			productReference = 9080A2232ADEA44E009BA894 /* Pong.app */;
			productType = "com.apple.product-type.application";
		};
		9080A2392ADEA44F009BA894 /* PongTests */ = {
			isa = PBXNativeTarget;
			buildConfigurationList = 9080A2512ADEA44F009BA894 /* Build configuration list for PBXNativeTarget "PongTests" */;
			buildPhases = (
				9080A2362ADEA44F009BA894 /* Sources */,
				9080A2372ADEA44F009BA894 /* Frameworks */,
				9080A2382ADEA44F009BA894 /* Resources */,
			);
			buildRules = (
			);
			dependencies = (
				9080A23C2ADEA44F009BA894 /* PBXTargetDependency */,
			);
			name = PongTests;
			productName = PongTests;
			productReference = 9080A23A2ADEA44F009BA894 /* PongTests.xctest */;
			productType = "com.apple.product-type.bundle.unit-test";
		};
		9080A2432ADEA44F009BA894 /* PongUITests */ = {
			isa = PBXNativeTarget;
			buildConfigurationList = 9080A2542ADEA44F009BA894 /* Build configuration list for PBXNativeTarget "PongUITests" */;
			buildPhases = (
				9080A2402ADEA44F009BA894 /* Sources */,
				9080A2412ADEA44F009BA894 /* Frameworks */,
				9080A2422ADEA44F009BA894 /* Resources */,
			);
			buildRules = (
			);
			dependencies = (
				9080A2462ADEA44F009BA894 /* PBXTargetDependency */,
			);
			name = PongUITests;
			productName = PongUITests;
			productReference = 9080A2442ADEA44F009BA894 /* PongUITests.xctest */;
			productType = "com.apple.product-type.bundle.ui-testing";
		};
/* End PBXNativeTarget section */

/* Begin PBXProject section */
		9080A21B2ADEA44E009BA894 /* Project object */ = {
			isa = PBXProject;
			attributes = {
				BuildIndependentTargetsInParallel = 1;
				LastSwiftUpdateCheck = 1500;
				LastUpgradeCheck = 1500;
				TargetAttributes = {
					9080A2222ADEA44E009BA894 = {
						CreatedOnToolsVersion = 15.0;
					};
					9080A2392ADEA44F009BA894 = {
						CreatedOnToolsVersion = 15.0;
						TestTargetID = 9080A2222ADEA44E009BA894;
					};
					9080A2432ADEA44F009BA894 = {
						CreatedOnToolsVersion = 15.0;
						TestTargetID = 9080A2222ADEA44E009BA894;
					};
				};
			};
			buildConfigurationList = 9080A21E2ADEA44E009BA894 /* Build configuration list for PBXProject "Pong" */;
			compatibilityVersion = "Xcode 14.0";
			developmentRegion = en;
			hasScannedForEncodings = 0;
			knownRegions = (
				en,
				Base,
			);
			mainGroup = 9080A21A2ADEA44E009BA894;
			productRefGroup = 9080A2242ADEA44E009BA894 /* Products */;
			projectDirPath = "";
			projectRoot = "";
			targets = (
				9080A2222ADEA44E009BA894 /* Pong */,
				9080A2392ADEA44F009BA894 /* PongTests */,
				9080A2432ADEA44F009BA894 /* PongUITests */,
			);
		};
/* End PBXProject section */

/* Begin PBXResourcesBuildPhase section */
		9080A2212ADEA44E009BA894 /* Resources */ = {
			isa = PBXResourcesBuildPhase;
			buildActionMask = 2147483647;
			files = (
				9080A2292ADEA44E009BA894 /* GameScene.sks in Resources */,
				90DC37072B192C96000940A1 /* Spark.sks in Resources */,
				9080A2312ADEA44F009BA894 /* Assets.xcassets in Resources */,
				9080A22B2ADEA44E009BA894 /* Actions.sks in Resources */,
				9080A2342ADEA44F009BA894 /* Main.storyboard in Resources */,
			);
			runOnlyForDeploymentPostprocessing = 0;
		};
		9080A2382ADEA44F009BA894 /* Resources */ = {
			isa = PBXResourcesBuildPhase;
			buildActionMask = 2147483647;
			files = (
			);
			runOnlyForDeploymentPostprocessing = 0;
		};
		9080A2422ADEA44F009BA894 /* Resources */ = {
			isa = PBXResourcesBuildPhase;
			buildActionMask = 2147483647;
			files = (
			);
			runOnlyForDeploymentPostprocessing = 0;
		};
/* End PBXResourcesBuildPhase section */

/* Begin PBXSourcesBuildPhase section */
		9080A21F2ADEA44E009BA894 /* Sources */ = {
			isa = PBXSourcesBuildPhase;
			buildActionMask = 2147483647;
			files = (
				9080A22F2ADEA44E009BA894 /* ViewController.swift in Sources */,
				9080A22D2ADEA44E009BA894 /* GameScene.swift in Sources */,
				9080A2272ADEA44E009BA894 /* AppDelegate.swift in Sources */,
			);
			runOnlyForDeploymentPostprocessing = 0;
		};
		9080A2362ADEA44F009BA894 /* Sources */ = {
			isa = PBXSourcesBuildPhase;
			buildActionMask = 2147483647;
			files = (
				9080A23F2ADEA44F009BA894 /* PongTests.swift in Sources */,
			);
			runOnlyForDeploymentPostprocessing = 0;
		};
		9080A2402ADEA44F009BA894 /* Sources */ = {
			isa = PBXSourcesBuildPhase;
			buildActionMask = 2147483647;
			files = (
				9080A24B2ADEA44F009BA894 /* PongUITestsLaunchTests.swift in Sources */,
				9080A2492ADEA44F009BA894 /* PongUITests.swift in Sources */,
			);
			runOnlyForDeploymentPostprocessing = 0;
		};
/* End PBXSourcesBuildPhase section */

/* Begin PBXTargetDependency section */
		9080A23C2ADEA44F009BA894 /* PBXTargetDependency */ = {
			isa = PBXTargetDependency;
			target = 9080A2222ADEA44E009BA894 /* Pong */;
			targetProxy = 9080A23B2ADEA44F009BA894 /* PBXContainerItemProxy */;
		};
		9080A2462ADEA44F009BA894 /* PBXTargetDependency */ = {
			isa = PBXTargetDependency;
			target = 9080A2222ADEA44E009BA894 /* Pong */;
			targetProxy = 9080A2452ADEA44F009BA894 /* PBXContainerItemProxy */;
		};
/* End PBXTargetDependency section */

/* Begin PBXVariantGroup section */
		9080A2322ADEA44F009BA894 /* Main.storyboard */ = {
			isa = PBXVariantGroup;
			children = (
				9080A2332ADEA44F009BA894 /* Base */,
			);
			name = Main.storyboard;
			sourceTree = "<group>";
		};
/* End PBXVariantGroup section */

/* Begin XCBuildConfiguration section */
		9080A24C2ADEA44F009BA894 /* Debug */ = {
			isa = XCBuildConfiguration;
			buildSettings = {
				ALWAYS_SEARCH_USER_PATHS = NO;
				ASSETCATALOG_COMPILER_GENERATE_SWIFT_ASSET_SYMBOL_EXTENSIONS = YES;
				CLANG_ANALYZER_NONNULL = YES;
				CLANG_ANALYZER_NUMBER_OBJECT_CONVERSION = YES_AGGRESSIVE;
				CLANG_CXX_LANGUAGE_STANDARD = "gnu++20";
				CLANG_ENABLE_MODULES = YES;
				CLANG_ENABLE_OBJC_ARC = YES;
				CLANG_ENABLE_OBJC_WEAK = YES;
				CLANG_WARN_BLOCK_CAPTURE_AUTORELEASING = YES;
				CLANG_WARN_BOOL_CONVERSION = YES;
				CLANG_WARN_COMMA = YES;
				CLANG_WARN_CONSTANT_CONVERSION = YES;
				CLANG_WARN_DEPRECATED_OBJC_IMPLEMENTATIONS = YES;
				CLANG_WARN_DIRECT_OBJC_ISA_USAGE = YES_ERROR;
				CLANG_WARN_DOCUMENTATION_COMMENTS = YES;
				CLANG_WARN_EMPTY_BODY = YES;
				CLANG_WARN_ENUM_CONVERSION = YES;
				CLANG_WARN_INFINITE_RECURSION = YES;
				CLANG_WARN_INT_CONVERSION = YES;
				CLANG_WARN_NON_LITERAL_NULL_CONVERSION = YES;
				CLANG_WARN_OBJC_IMPLICIT_RETAIN_SELF = YES;
				CLANG_WARN_OBJC_LITERAL_CONVERSION = YES;
				CLANG_WARN_OBJC_ROOT_CLASS = YES_ERROR;
				CLANG_WARN_QUOTED_INCLUDE_IN_FRAMEWORK_HEADER = YES;
				CLANG_WARN_RANGE_LOOP_ANALYSIS = YES;
				CLANG_WARN_STRICT_PROTOTYPES = YES;
				CLANG_WARN_SUSPICIOUS_MOVE = YES;
				CLANG_WARN_UNGUARDED_AVAILABILITY = YES_AGGRESSIVE;
				CLANG_WARN_UNREACHABLE_CODE = YES;
				CLANG_WARN__DUPLICATE_METHOD_MATCH = YES;
				COPY_PHASE_STRIP = NO;
				DEBUG_INFORMATION_FORMAT = dwarf;
				ENABLE_STRICT_OBJC_MSGSEND = YES;
				ENABLE_TESTABILITY = YES;
				ENABLE_USER_SCRIPT_SANDBOXING = YES;
				GCC_C_LANGUAGE_STANDARD = gnu17;
				GCC_DYNAMIC_NO_PIC = NO;
				GCC_NO_COMMON_BLOCKS = YES;
				GCC_OPTIMIZATION_LEVEL = 0;
				GCC_PREPROCESSOR_DEFINITIONS = (
					"DEBUG=1",
					"$(inherited)",
				);
				GCC_WARN_64_TO_32_BIT_CONVERSION = YES;
				GCC_WARN_ABOUT_RETURN_TYPE = YES_ERROR;
				GCC_WARN_UNDECLARED_SELECTOR = YES;
				GCC_WARN_UNINITIALIZED_AUTOS = YES_AGGRESSIVE;
				GCC_WARN_UNUSED_FUNCTION = YES;
				GCC_WARN_UNUSED_VARIABLE = YES;
				LOCALIZATION_PREFERS_STRING_CATALOGS = YES;
				MACOSX_DEPLOYMENT_TARGET = 14.0;
				MTL_ENABLE_DEBUG_INFO = INCLUDE_SOURCE;
				MTL_FAST_MATH = YES;
				ONLY_ACTIVE_ARCH = YES;
				SDKROOT = macosx;
				SWIFT_ACTIVE_COMPILATION_CONDITIONS = "DEBUG $(inherited)";
				SWIFT_OPTIMIZATION_LEVEL = "-Onone";
			};
			name = Debug;
		};
		9080A24D2ADEA44F009BA894 /* Release */ = {
			isa = XCBuildConfiguration;
			buildSettings = {
				ALWAYS_SEARCH_USER_PATHS = NO;
				ASSETCATALOG_COMPILER_GENERATE_SWIFT_ASSET_SYMBOL_EXTENSIONS = YES;
				CLANG_ANALYZER_NONNULL = YES;
				CLANG_ANALYZER_NUMBER_OBJECT_CONVERSION = YES_AGGRESSIVE;
				CLANG_CXX_LANGUAGE_STANDARD = "gnu++20";
				CLANG_ENABLE_MODULES = YES;
				CLANG_ENABLE_OBJC_ARC = YES;
				CLANG_ENABLE_OBJC_WEAK = YES;
				CLANG_WARN_BLOCK_CAPTURE_AUTORELEASING = YES;
				CLANG_WARN_BOOL_CONVERSION = YES;
				CLANG_WARN_COMMA = YES;
				CLANG_WARN_CONSTANT_CONVERSION = YES;
				CLANG_WARN_DEPRECATED_OBJC_IMPLEMENTATIONS = YES;
				CLANG_WARN_DIRECT_OBJC_ISA_USAGE = YES_ERROR;
				CLANG_WARN_DOCUMENTATION_COMMENTS = YES;
				CLANG_WARN_EMPTY_BODY = YES;
				CLANG_WARN_ENUM_CONVERSION = YES;
				CLANG_WARN_INFINITE_RECURSION = YES;
				CLANG_WARN_INT_CONVERSION = YES;
				CLANG_WARN_NON_LITERAL_NULL_CONVERSION = YES;
				CLANG_WARN_OBJC_IMPLICIT_RETAIN_SELF = YES;
				CLANG_WARN_OBJC_LITERAL_CONVERSION = YES;
				CLANG_WARN_OBJC_ROOT_CLASS = YES_ERROR;
				CLANG_WARN_QUOTED_INCLUDE_IN_FRAMEWORK_HEADER = YES;
				CLANG_WARN_RANGE_LOOP_ANALYSIS = YES;
				CLANG_WARN_STRICT_PROTOTYPES = YES;
				CLANG_WARN_SUSPICIOUS_MOVE = YES;
				CLANG_WARN_UNGUARDED_AVAILABILITY = YES_AGGRESSIVE;
				CLANG_WARN_UNREACHABLE_CODE = YES;
				CLANG_WARN__DUPLICATE_METHOD_MATCH = YES;
				COPY_PHASE_STRIP = NO;
				DEBUG_INFORMATION_FORMAT = "dwarf-with-dsym";
				ENABLE_NS_ASSERTIONS = NO;
				ENABLE_STRICT_OBJC_MSGSEND = YES;
				ENABLE_USER_SCRIPT_SANDBOXING = YES;
				GCC_C_LANGUAGE_STANDARD = gnu17;
				GCC_NO_COMMON_BLOCKS = YES;
				GCC_WARN_64_TO_32_BIT_CONVERSION = YES;
				GCC_WARN_ABOUT_RETURN_TYPE = YES_ERROR;
				GCC_WARN_UNDECLARED_SELECTOR = YES;
				GCC_WARN_UNINITIALIZED_AUTOS = YES_AGGRESSIVE;
				GCC_WARN_UNUSED_FUNCTION = YES;
				GCC_WARN_UNUSED_VARIABLE = YES;
				LOCALIZATION_PREFERS_STRING_CATALOGS = YES;
				MACOSX_DEPLOYMENT_TARGET = 14.0;
				MTL_ENABLE_DEBUG_INFO = NO;
				MTL_FAST_MATH = YES;
				SDKROOT = macosx;
				SWIFT_COMPILATION_MODE = wholemodule;
			};
			name = Release;
		};
		9080A24F2ADEA44F009BA894 /* Debug */ = {
			isa = XCBuildConfiguration;
			buildSettings = {
				ASSETCATALOG_COMPILER_APPICON_NAME = AppIcon;
				ASSETCATALOG_COMPILER_GLOBAL_ACCENT_COLOR_NAME = AccentColor;
				CODE_SIGN_ENTITLEMENTS = Pong/Pong.entitlements;
				CODE_SIGN_STYLE = Automatic;
				COMBINE_HIDPI_IMAGES = YES;
				CURRENT_PROJECT_VERSION = 1;
				GENERATE_INFOPLIST_FILE = YES;
				INFOPLIST_KEY_NSHumanReadableCopyright = "";
				INFOPLIST_KEY_NSMainStoryboardFile = Main;
				INFOPLIST_KEY_NSPrincipalClass = NSApplication;
				LD_RUNPATH_SEARCH_PATHS = (
					"$(inherited)",
					"@executable_path/../Frameworks",
				);
				MARKETING_VERSION = 1.0;
				PRODUCT_BUNDLE_IDENTIFIER = ApotheosisSoftworks.Pong;
				PRODUCT_NAME = "$(TARGET_NAME)";
				SWIFT_EMIT_LOC_STRINGS = YES;
				SWIFT_VERSION = 5.0;
			};
			name = Debug;
		};
		9080A2502ADEA44F009BA894 /* Release */ = {
			isa = XCBuildConfiguration;
			buildSettings = {
				ASSETCATALOG_COMPILER_APPICON_NAME = AppIcon;
				ASSETCATALOG_COMPILER_GLOBAL_ACCENT_COLOR_NAME = AccentColor;
				CODE_SIGN_ENTITLEMENTS = Pong/Pong.entitlements;
				CODE_SIGN_STYLE = Automatic;
				COMBINE_HIDPI_IMAGES = YES;
				CURRENT_PROJECT_VERSION = 1;
				GENERATE_INFOPLIST_FILE = YES;
				INFOPLIST_KEY_NSHumanReadableCopyright = "";
				INFOPLIST_KEY_NSMainStoryboardFile = Main;
				INFOPLIST_KEY_NSPrincipalClass = NSApplication;
				LD_RUNPATH_SEARCH_PATHS = (
					"$(inherited)",
					"@executable_path/../Frameworks",
				);
				MARKETING_VERSION = 1.0;
				PRODUCT_BUNDLE_IDENTIFIER = ApotheosisSoftworks.Pong;
				PRODUCT_NAME = "$(TARGET_NAME)";
				SWIFT_EMIT_LOC_STRINGS = YES;
				SWIFT_VERSION = 5.0;
			};
			name = Release;
		};
		9080A2522ADEA44F009BA894 /* Debug */ = {
			isa = XCBuildConfiguration;
			buildSettings = {
				ALWAYS_EMBED_SWIFT_STANDARD_LIBRARIES = YES;
				BUNDLE_LOADER = "$(TEST_HOST)";
				CODE_SIGN_STYLE = Automatic;
				CURRENT_PROJECT_VERSION = 1;
				GENERATE_INFOPLIST_FILE = YES;
				MACOSX_DEPLOYMENT_TARGET = 14.0;
				MARKETING_VERSION = 1.0;
				PRODUCT_BUNDLE_IDENTIFIER = ApotheosisSoftworks.PongTests;
				PRODUCT_NAME = "$(TARGET_NAME)";
				SWIFT_EMIT_LOC_STRINGS = NO;
				SWIFT_VERSION = 5.0;
				TEST_HOST = "$(BUILT_PRODUCTS_DIR)/Pong.app/$(BUNDLE_EXECUTABLE_FOLDER_PATH)/Pong";
			};
			name = Debug;
		};
		9080A2532ADEA44F009BA894 /* Release */ = {
			isa = XCBuildConfiguration;
			buildSettings = {
				ALWAYS_EMBED_SWIFT_STANDARD_LIBRARIES = YES;
				BUNDLE_LOADER = "$(TEST_HOST)";
				CODE_SIGN_STYLE = Automatic;
				CURRENT_PROJECT_VERSION = 1;
				GENERATE_INFOPLIST_FILE = YES;
				MACOSX_DEPLOYMENT_TARGET = 14.0;
				MARKETING_VERSION = 1.0;
				PRODUCT_BUNDLE_IDENTIFIER = ApotheosisSoftworks.PongTests;
				PRODUCT_NAME = "$(TARGET_NAME)";
				SWIFT_EMIT_LOC_STRINGS = NO;
				SWIFT_VERSION = 5.0;
				TEST_HOST = "$(BUILT_PRODUCTS_DIR)/Pong.app/$(BUNDLE_EXECUTABLE_FOLDER_PATH)/Pong";
			};
			name = Release;
		};
		9080A2552ADEA44F009BA894 /* Debug */ = {
			isa = XCBuildConfiguration;
			buildSettings = {
				ALWAYS_EMBED_SWIFT_STANDARD_LIBRARIES = YES;
				CODE_SIGN_STYLE = Automatic;
				CURRENT_PROJECT_VERSION = 1;
				GENERATE_INFOPLIST_FILE = YES;
				MARKETING_VERSION = 1.0;
				PRODUCT_BUNDLE_IDENTIFIER = ApotheosisSoftworks.PongUITests;
				PRODUCT_NAME = "$(TARGET_NAME)";
				SWIFT_EMIT_LOC_STRINGS = NO;
				SWIFT_VERSION = 5.0;
				TEST_TARGET_NAME = Pong;
			};
			name = Debug;
		};
		9080A2562ADEA44F009BA894 /* Release */ = {
			isa = XCBuildConfiguration;
			buildSettings = {
				ALWAYS_EMBED_SWIFT_STANDARD_LIBRARIES = YES;
				CODE_SIGN_STYLE = Automatic;
				CURRENT_PROJECT_VERSION = 1;
				GENERATE_INFOPLIST_FILE = YES;
				MARKETING_VERSION = 1.0;
				PRODUCT_BUNDLE_IDENTIFIER = ApotheosisSoftworks.PongUITests;
				PRODUCT_NAME = "$(TARGET_NAME)";
				SWIFT_EMIT_LOC_STRINGS = NO;
				SWIFT_VERSION = 5.0;
				TEST_TARGET_NAME = Pong;
			};
			name = Release;
		};
/* End XCBuildConfiguration section */

/* Begin XCConfigurationList section */
		9080A21E2ADEA44E009BA894 /* Build configuration list for PBXProject "Pong" */ = {
			isa = XCConfigurationList;
			buildConfigurations = (
				9080A24C2ADEA44F009BA894 /* Debug */,
				9080A24D2ADEA44F009BA894 /* Release */,
			);
			defaultConfigurationIsVisible = 0;
			defaultConfigurationName = Release;
		};
		9080A24E2ADEA44F009BA894 /* Build configuration list for PBXNativeTarget "Pong" */ = {
			isa = XCConfigurationList;
			buildConfigurations = (
				9080A24F2ADEA44F009BA894 /* Debug */,
				9080A2502ADEA44F009BA894 /* Release */,
			);
			defaultConfigurationIsVisible = 0;
			defaultConfigurationName = Release;
		};
		9080A2512ADEA44F009BA894 /* Build configuration list for PBXNativeTarget "PongTests" */ = {
			isa = XCConfigurationList;
			buildConfigurations = (
				9080A2522ADEA44F009BA894 /* Debug */,
				9080A2532ADEA44F009BA894 /* Release */,
			);
			defaultConfigurationIsVisible = 0;
			defaultConfigurationName = Release;
		};
		9080A2542ADEA44F009BA894 /* Build configuration list for PBXNativeTarget "PongUITests" */ = {
			isa = XCConfigurationList;
			buildConfigurations = (
				9080A2552ADEA44F009BA894 /* Debug */,
				9080A2562ADEA44F009BA894 /* Release */,
			);
			defaultConfigurationIsVisible = 0;
			defaultConfigurationName = Release;
		};
/* End XCConfigurationList section */
	};
	rootObject = 9080A21B2ADEA44E009BA894 /* Project object */;
}
